{
  "name": "hook-into-props-example",
  "version": "1.0.0",
  "lockfileVersion": 1,
  "requires": true,
  "dependencies": {
    "hoist-non-react-statics": {
      "version": "3.3.0",
      "resolved": "https://registry.npmjs.org/hoist-non-react-statics/-/hoist-non-react-statics-3.3.0.tgz",
      "integrity": "sha512-0XsbTXxgiaCDYDIWFcwkmerZPSwywfUqYmwT4jzewKTQSWoE6FCMoUVOeBJWK3E/CrWbxRG3m5GzY4lnIwGRBA==",
      "requires": {
        "react-is": "^16.7.0"
      }
    },
    "hook-into-props": {
      "version": "3.0.0",
      "resolved": "https://registry.npmjs.org/hook-into-props/-/hook-into-props-3.0.0.tgz",
      "integrity": "sha512-h66crH6J9sOtTrdS5XbsYbqVVWDGAKUEfzlKV7iXmXFoJGCwa8/17HcXnC+duUVJ/pY8Zsp2usaz9q8bRkE9wA==",
      "requires": {
        "hoist-non-react-statics": "^3.3.0"
      }
    },
    "react-is": {
      "version": "16.8.4",
      "resolved": "https://registry.npmjs.org/react-is/-/react-is-16.8.4.tgz",
      "integrity": "sha512-PVadd+WaUDOAciICm/J1waJaSvgq+4rHE/K70j0PFqKhkTBsPv/82UGQJNXAngz1fOQLLxI6z1sEDmJDQhCTAA=="
    }
  }
}
